
Microsoft Visual Studio Solution File, Format Version 12.00
# Visual Studio Version 16
VisualStudioVersion = 25.0.1703.8
MinimumVisualStudioVersion = 10.0.40219.1
Project("{FAE04EC0-301F-11D3-BF4B-00C04F79EFBC}") = "UsdToBgn", "UsdToBgn.csproj", "{AF56B131-4EE4-454F-8636-A1483DA055E7}"
EndProject
Global
	GlobalSection(SolutionConfigurationPlatforms) = preSolution
		Debug|Any CPU = Debug|Any CPU
		Release|Any CPU = Release|Any CPU
	EndGlobalSection
	GlobalSection(ProjectConfigurationPlatforms) = postSolution
		{AF56B131-4EE4-454F-8636-A1483DA055E7}.Debug|Any CPU.ActiveCfg = Debug|Any CPU
		{AF56B131-4EE4-454F-8636-A1483DA055E7}.Debug|Any CPU.Build.0 = Debug|Any CPU
		{AF56B131-4EE4-454F-8636-A1483DA055E7}.Release|Any CPU.ActiveCfg = Release|Any CPU
		{AF56B131-4EE4-454F-8636-A1483DA055E7}.Release|Any CPU.Build.0 = Release|Any CPU
	EndGlobalSection
	GlobalSection(SolutionProperties) = preSolution
		HideSolutionNode = FALSE
	EndGlobalSection
	GlobalSection(ExtensibilityGlobals) = postSolution
		SolutionGuid = {EB4E1B66-F83B-43F2-85DB-C7487CD160AE}
	EndGlobalSection
EndGlobal
