
Microsoft Visual Studio Solution File, Format Version 12.00
# Visual Studio Version 16
VisualStudioVersion = 25.0.1703.8
MinimumVisualStudioVersion = 10.0.40219.1
Project("{FAE04EC0-301F-11D3-BF4B-00C04F79EFBC}") = "_03Time15Min", "_03Time15Min\_03Time15Min.csproj", "{2BCC125B-8DF5-4EC8-A327-B0762D60546A}"
EndProject
Global
	GlobalSection(SolutionConfigurationPlatforms) = preSolution
		Debug|Any CPU = Debug|Any CPU
		Release|Any CPU = Release|Any CPU
	EndGlobalSection
	GlobalSection(ProjectConfigurationPlatforms) = postSolution
		{2BCC125B-8DF5-4EC8-A327-B0762D60546A}.Debug|Any CPU.ActiveCfg = Debug|Any CPU
		{2BCC125B-8DF5-4EC8-A327-B0762D60546A}.Debug|Any CPU.Build.0 = Debug|Any CPU
		{2BCC125B-8DF5-4EC8-A327-B0762D60546A}.Release|Any CPU.ActiveCfg = Release|Any CPU
		{2BCC125B-8DF5-4EC8-A327-B0762D60546A}.Release|Any CPU.Build.0 = Release|Any CPU
	EndGlobalSection
	GlobalSection(SolutionProperties) = preSolution
		HideSolutionNode = FALSE
	EndGlobalSection
	GlobalSection(ExtensibilityGlobals) = postSolution
		SolutionGuid = {195EAA13-59F8-4449-B5D2-5C93434EA850}
	EndGlobalSection
EndGlobal
